// !$*UTF8*$!
{
	archiveVersion = 1;
	classes = {
	};
	objectVersion = 46;
	objects = {

/* Begin PBXBuildFile section */
		53F59D931713A345006089F9 /* UIKit.framework in Frameworks */ = {isa = PBXBuildFile; fileRef = 53F59D921713A345006089F9 /* UIKit.framework */; };
		53F59D951713A345006089F9 /* Foundation.framework in Frameworks */ = {isa = PBXBuildFile; fileRef = 53F59D941713A345006089F9 /* Foundation.framework */; };
		53F59D971713A345006089F9 /* CoreGraphics.framework in Frameworks */ = {isa = PBXBuildFile; fileRef = 53F59D961713A345006089F9 /* CoreGraphics.framework */; };
		53F59D9D1713A345006089F9 /* InfoPlist.strings in Resources */ = {isa = PBXBuildFile; fileRef = 53F59D9B1713A345006089F9 /* InfoPlist.strings */; };
		53F59D9F1713A345006089F9 /* main.m in Sources */ = {isa = PBXBuildFile; fileRef = 53F59D9E1713A345006089F9 /* main.m */; };
		53F59DA31713A345006089F9 /* WhatAToolAppDelegate.m in Sources */ = {isa = PBXBuildFile; fileRef = 53F59DA21713A345006089F9 /* WhatAToolAppDelegate.m */; };
		53F59DA51713A345006089F9 /* Default.png in Resources */ = {isa = PBXBuildFile; fileRef = 53F59DA41713A345006089F9 /* Default.png */; };
		53F59DA71713A345006089F9 /* Default@2x.png in Resources */ = {isa = PBXBuildFile; fileRef = 53F59DA61713A345006089F9 /* Default@2x.png */; };
		53F59DA91713A345006089F9 /* Default-568h@2x.png in Resources */ = {isa = PBXBuildFile; fileRef = 53F59DA81713A345006089F9 /* Default-568h@2x.png */; };
		53F59DAC1713A345006089F9 /* MainStoryboard.storyboard in Resources */ = {isa = PBXBuildFile; fileRef = 53F59DAA1713A345006089F9 /* MainStoryboard.storyboard */; };
		53F59DAF1713A345006089F9 /* WhatAToolViewController.m in Sources */ = {isa = PBXBuildFile; fileRef = 53F59DAE1713A345006089F9 /* WhatAToolViewController.m */; };
		53F59DB71713A3B8006089F9 /* PolygonShape.m in Sources */ = {isa = PBXBuildFile; fileRef = 53F59DB61713A3B8006089F9 /* PolygonShape.m */; };
/* End PBXBuildFile section */

/* Begin PBXFileReference section */
		53F59D8F1713A345006089F9 /* WhatATool.app */ = {isa = PBXFileReference; explicitFileType = wrapper.application; includeInIndex = 0; path = WhatATool.app; sourceTree = BUILT_PRODUCTS_DIR; };
		53F59D921713A345006089F9 /* UIKit.framework */ = {isa = PBXFileReference; lastKnownFileType = wrapper.framework; name = UIKit.framework; path = System/Library/Frameworks/UIKit.framework; sourceTree = SDKROOT; };
		53F59D941713A345006089F9 /* Foundation.framework */ = {isa = PBXFileReference; lastKnownFileType = wrapper.framework; name = Foundation.framework; path = System/Library/Frameworks/Foundation.framework; sourceTree = SDKROOT; };
		53F59D961713A345006089F9 /* CoreGraphics.framework */ = {isa = PBXFileReference; lastKnownFileType = wrapper.framework; name = CoreGraphics.framework; path = System/Library/Frameworks/CoreGraphics.framework; sourceTree = SDKROOT; };
		53F59D9A1713A345006089F9 /* WhatATool-Info.plist */ = {isa = PBXFileReference; lastKnownFileType = text.plist.xml; path = "WhatATool-Info.plist"; sourceTree = "<group>"; };
		53F59D9C1713A345006089F9 /* en */ = {isa = PBXFileReference; lastKnownFileType = text.plist.strings; name = en; path = en.lproj/InfoPlist.strings; sourceTree = "<group>"; };
		53F59D9E1713A345006089F9 /* main.m */ = {isa = PBXFileReference; lastKnownFileType = sourcecode.c.objc; path = main.m; sourceTree = "<group>"; };
		53F59DA01713A345006089F9 /* WhatATool-Prefix.pch */ = {isa = PBXFileReference; lastKnownFileType = sourcecode.c.h; path = "WhatATool-Prefix.pch"; sourceTree = "<group>"; };
		53F59DA11713A345006089F9 /* WhatAToolAppDelegate.h */ = {isa = PBXFileReference; lastKnownFileType = sourcecode.c.h; path = WhatAToolAppDelegate.h; sourceTree = "<group>"; };
		53F59DA21713A345006089F9 /* WhatAToolAppDelegate.m */ = {isa = PBXFileReference; lastKnownFileType = sourcecode.c.objc; path = WhatAToolAppDelegate.m; sourceTree = "<group>"; };
		53F59DA41713A345006089F9 /* Default.png */ = {isa = PBXFileReference; lastKnownFileType = image.png; path = Default.png; sourceTree = "<group>"; };
		53F59DA61713A345006089F9 /* Default@2x.png */ = {isa = PBXFileReference; lastKnownFileType = image.png; path = "Default@2x.png"; sourceTree = "<group>"; };
		53F59DA81713A345006089F9 /* Default-568h@2x.png */ = {isa = PBXFileReference; lastKnownFileType = image.png; path = "Default-568h@2x.png"; sourceTree = "<group>"; };
		53F59DAB1713A345006089F9 /* en */ = {isa = PBXFileReference; lastKnownFileType = file.storyboard; name = en; path = en.lproj/MainStoryboard.storyboard; sourceTree = "<group>"; };
		53F59DAD1713A345006089F9 /* WhatAToolViewController.h */ = {isa = PBXFileReference; lastKnownFileType = sourcecode.c.h; path = WhatAToolViewController.h; sourceTree = "<group>"; };
		53F59DAE1713A345006089F9 /* WhatAToolViewController.m */ = {isa = PBXFileReference; lastKnownFileType = sourcecode.c.objc; path = WhatAToolViewController.m; sourceTree = "<group>"; };
		53F59DB51713A3B8006089F9 /* PolygonShape.h */ = {isa = PBXFileReference; fileEncoding = 4; lastKnownFileType = sourcecode.c.h; path = PolygonShape.h; sourceTree = "<group>"; };
		53F59DB61713A3B8006089F9 /* PolygonShape.m */ = {isa = PBXFileReference; fileEncoding = 4; lastKnownFileType = sourcecode.c.objc; path = PolygonShape.m; sourceTree = "<group>"; };
/* End PBXFileReference section */

/* Begin PBXFrameworksBuildPhase section */
		53F59D8C1713A345006089F9 /* Frameworks */ = {
			isa = PBXFrameworksBuildPhase;
			buildActionMask = 2147483647;
			files = (
				53F59D931713A345006089F9 /* UIKit.framework in Frameworks */,
				53F59D951713A345006089F9 /* Foundation.framework in Frameworks */,
				53F59D971713A345006089F9 /* CoreGraphics.framework in Frameworks */,
			);
			runOnlyForDeploymentPostprocessing = 0;
		};
/* End PBXFrameworksBuildPhase section */

/* Begin PBXGroup section */
		53F59D861713A345006089F9 = {
			isa = PBXGroup;
			children = (
				53F59D981713A345006089F9 /* WhatATool */,
				53F59D911713A345006089F9 /* Frameworks */,
				53F59D901713A345006089F9 /* Products */,
			);
			sourceTree = "<group>";
		};
		53F59D901713A345006089F9 /* Products */ = {
			isa = PBXGroup;
			children = (
				53F59D8F1713A345006089F9 /* WhatATool.app */,
			);
			name = Products;
			sourceTree = "<group>";
		};
		53F59D911713A345006089F9 /* Frameworks */ = {
			isa = PBXGroup;
			children = (
				53F59D921713A345006089F9 /* UIKit.framework */,
				53F59D941713A345006089F9 /* Foundation.framework */,
				53F59D961713A345006089F9 /* CoreGraphics.framework */,
			);
			name = Frameworks;
			sourceTree = "<group>";
		};
		53F59D981713A345006089F9 /* WhatATool */ = {
			isa = PBXGroup;
			children = (
				53F59DA11713A345006089F9 /* WhatAToolAppDelegate.h */,
				53F59DA21713A345006089F9 /* WhatAToolAppDelegate.m */,
				53F59DAA1713A345006089F9 /* MainStoryboard.storyboard */,
				53F59DAD1713A345006089F9 /* WhatAToolViewController.h */,
				53F59DAE1713A345006089F9 /* WhatAToolViewController.m */,
				53F59D991713A345006089F9 /* Supporting Files */,
				53F59DB51713A3B8006089F9 /* PolygonShape.h */,
				53F59DB61713A3B8006089F9 /* PolygonShape.m */,
			);
			path = WhatATool;
			sourceTree = "<group>";
		};
		53F59D991713A345006089F9 /* Supporting Files */ = {
			isa = PBXGroup;
			children = (
				53F59D9A1713A345006089F9 /* WhatATool-Info.plist */,
				53F59D9B1713A345006089F9 /* InfoPlist.strings */,
				53F59D9E1713A345006089F9 /* main.m */,
				53F59DA01713A345006089F9 /* WhatATool-Prefix.pch */,
				53F59DA41713A345006089F9 /* Default.png */,
				53F59DA61713A345006089F9 /* Default@2x.png */,
				53F59DA81713A345006089F9 /* Default-568h@2x.png */,
			);
			name = "Supporting Files";
			sourceTree = "<group>";
		};
/* End PBXGroup section */

/* Begin PBXNativeTarget section */
		53F59D8E1713A345006089F9 /* WhatATool */ = {
			isa = PBXNativeTarget;
			buildConfigurationList = 53F59DB21713A345006089F9 /* Build configuration list for PBXNativeTarget "WhatATool" */;
			buildPhases = (
				53F59D8B1713A345006089F9 /* Sources */,
				53F59D8C1713A345006089F9 /* Frameworks */,
				53F59D8D1713A345006089F9 /* Resources */,
			);
			buildRules = (
			);
			dependencies = (
			);
			name = WhatATool;
			productName = WhatATool;
			productReference = 53F59D8F1713A345006089F9 /* WhatATool.app */;
			productType = "com.apple.product-type.application";
		};
/* End PBXNativeTarget section */

/* Begin PBXProject section */
		53F59D871713A345006089F9 /* Project object */ = {
			isa = PBXProject;
			attributes = {
				CLASSPREFIX = WhatATool;
				LastUpgradeCheck = 0460;
				ORGANIZATIONNAME = "Kurt Lange";
			};
			buildConfigurationList = 53F59D8A1713A345006089F9 /* Build configuration list for PBXProject "WhatATool" */;
			compatibilityVersion = "Xcode 3.2";
			developmentRegion = English;
			hasScannedForEncodings = 0;
			knownRegions = (
				en,
			);
			mainGroup = 53F59D861713A345006089F9;
			productRefGroup = 53F59D901713A345006089F9 /* Products */;
			projectDirPath = "";
			projectRoot = "";
			targets = (
				53F59D8E1713A345006089F9 /* WhatATool */,
			);
		};
/* End PBXProject section */

/* Begin PBXResourcesBuildPhase section */
		53F59D8D1713A345006089F9 /* Resources */ = {
			isa = PBXResourcesBuildPhase;
			buildActionMask = 2147483647;
			files = (
				53F59D9D1713A345006089F9 /* InfoPlist.strings in Resources */,
				53F59DA51713A345006089F9 /* Default.png in Resources */,
				53F59DA71713A345006089F9 /* Default@2x.png in Resources */,
				53F59DA91713A345006089F9 /* Default-568h@2x.png in Resources */,
				53F59DAC1713A345006089F9 /* MainStoryboard.storyboard in Resources */,
			);
			runOnlyForDeploymentPostprocessing = 0;
		};
/* End PBXResourcesBuildPhase section */

/* Begin PBXSourcesBuildPhase section */
		53F59D8B1713A345006089F9 /* Sources */ = {
			isa = PBXSourcesBuildPhase;
			buildActionMask = 2147483647;
			files = (
				53F59D9F1713A345006089F9 /* main.m in Sources */,
				53F59DA31713A345006089F9 /* WhatAToolAppDelegate.m in Sources */,
				53F59DAF1713A345006089F9 /* WhatAToolViewController.m in Sources */,
				53F59DB71713A3B8006089F9 /* PolygonShape.m in Sources */,
			);
			runOnlyForDeploymentPostprocessing = 0;
		};
/* End PBXSourcesBuildPhase section */

/* Begin PBXVariantGroup section */
		53F59D9B1713A345006089F9 /* InfoPlist.strings */ = {
			isa = PBXVariantGroup;
			children = (
				53F59D9C1713A345006089F9 /* en */,
			);
			name = InfoPlist.strings;
			sourceTree = "<group>";
		};
		53F59DAA1713A345006089F9 /* MainStoryboard.storyboard */ = {
			isa = PBXVariantGroup;
			children = (
				53F59DAB1713A345006089F9 /* en */,
			);
			name = MainStoryboard.storyboard;
			sourceTree = "<group>";
		};
/* End PBXVariantGroup section */

/* Begin XCBuildConfiguration section */
		53F59DB01713A345006089F9 /* Debug */ = {
			isa = XCBuildConfiguration;
			buildSettings = {
				ALWAYS_SEARCH_USER_PATHS = NO;
				CLANG_CXX_LANGUAGE_STANDARD = "gnu++0x";
				CLANG_CXX_LIBRARY = "libc++";
				CLANG_ENABLE_OBJC_ARC = YES;
				CLANG_WARN_CONSTANT_CONVERSION = YES;
				CLANG_WARN_EMPTY_BODY = YES;
				CLANG_WARN_ENUM_CONVERSION = YES;
				CLANG_WARN_INT_CONVERSION = YES;
				CLANG_WARN__DUPLICATE_METHOD_MATCH = YES;
				"CODE_SIGN_IDENTITY[sdk=iphoneos*]" = "iPhone Developer";
				COPY_PHASE_STRIP = NO;
				GCC_C_LANGUAGE_STANDARD = gnu99;
				GCC_DYNAMIC_NO_PIC = NO;
				GCC_OPTIMIZATION_LEVEL = 0;
				GCC_PREPROCESSOR_DEFINITIONS = (
					"DEBUG=1",
					"$(inherited)",
				);
				GCC_SYMBOLS_PRIVATE_EXTERN = NO;
				GCC_WARN_ABOUT_RETURN_TYPE = YES;
				GCC_WARN_UNINITIALIZED_AUTOS = YES;
				GCC_WARN_UNUSED_VARIABLE = YES;
				IPHONEOS_DEPLOYMENT_TARGET = 6.1;
				ONLY_ACTIVE_ARCH = YES;
				SDKROOT = iphoneos;
			};
			name = Debug;
		};
		53F59DB11713A345006089F9 /* Release */ = {
			isa = XCBuildConfiguration;
			buildSettings = {
				ALWAYS_SEARCH_USER_PATHS = NO;
				CLANG_CXX_LANGUAGE_STANDARD = "gnu++0x";
				CLANG_CXX_LIBRARY = "libc++";
				CLANG_ENABLE_OBJC_ARC = YES;
				CLANG_WARN_CONSTANT_CONVERSION = YES;
				CLANG_WARN_EMPTY_BODY = YES;
				CLANG_WARN_ENUM_CONVERSION = YES;
				CLANG_WARN_INT_CONVERSION = YES;
				CLANG_WARN__DUPLICATE_METHOD_MATCH = YES;
				"CODE_SIGN_IDENTITY[sdk=iphoneos*]" = "iPhone Developer";
				COPY_PHASE_STRIP = YES;
				GCC_C_LANGUAGE_STANDARD = gnu99;
				GCC_WARN_ABOUT_RETURN_TYPE = YES;
				GCC_WARN_UNINITIALIZED_AUTOS = YES;
				GCC_WARN_UNUSED_VARIABLE = YES;
				IPHONEOS_DEPLOYMENT_TARGET = 6.1;
				OTHER_CFLAGS = "-DNS_BLOCK_ASSERTIONS=1";
				SDKROOT = iphoneos;
				VALIDATE_PRODUCT = YES;
			};
			name = Release;
		};
		53F59DB31713A345006089F9 /* Debug */ = {
			isa = XCBuildConfiguration;
			buildSettings = {
				GCC_PRECOMPILE_PREFIX_HEADER = YES;
				GCC_PREFIX_HEADER = "WhatATool/WhatATool-Prefix.pch";
				INFOPLIST_FILE = "WhatATool/WhatATool-Info.plist";
				PRODUCT_NAME = "$(TARGET_NAME)";
				WRAPPER_EXTENSION = app;
			};
			name = Debug;
		};
		53F59DB41713A345006089F9 /* Release */ = {
			isa = XCBuildConfiguration;
			buildSettings = {
				GCC_PRECOMPILE_PREFIX_HEADER = YES;
				GCC_PREFIX_HEADER = "WhatATool/WhatATool-Prefix.pch";
				INFOPLIST_FILE = "WhatATool/WhatATool-Info.plist";
				PRODUCT_NAME = "$(TARGET_NAME)";
				WRAPPER_EXTENSION = app;
			};
			name = Release;
		};
/* End XCBuildConfiguration section */

/* Begin XCConfigurationList section */
		53F59D8A1713A345006089F9 /* Build configuration list for PBXProject "WhatATool" */ = {
			isa = XCConfigurationList;
			buildConfigurations = (
				53F59DB01713A345006089F9 /* Debug */,
				53F59DB11713A345006089F9 /* Release */,
			);
			defaultConfigurationIsVisible = 0;
			defaultConfigurationName = Release;
		};
		53F59DB21713A345006089F9 /* Build configuration list for PBXNativeTarget "WhatATool" */ = {
			isa = XCConfigurationList;
			buildConfigurations = (
				53F59DB31713A345006089F9 /* Debug */,
				53F59DB41713A345006089F9 /* Release */,
			);
			defaultConfigurationIsVisible = 0;
		};
/* End XCConfigurationList section */
	};
	rootObject = 53F59D871713A345006089F9 /* Project object */;
}
